
Microsoft Visual Studio Solution File, Format Version 12.00
# Visual Studio Version 17
VisualStudioVersion = 17.0.31903.59
MinimumVisualStudioVersion = 10.0.40219.1
Project("{2150E333-8FDC-42A3-9474-1A3956D46DE8}") = "Common", "Common", "{15EDE69F-72C2-0ED5-C978-6B26CB3D9F82}"
EndProject
Project("{FAE04EC0-301F-11D3-BF4B-00C04F79EFBC}") = "Common.Domain", "Common\Common.Domain\Common.Domain.csproj", "{46C89BFB-B805-4DC6-A150-C3FA69178BE8}"
EndProject
Project("{FAE04EC0-301F-11D3-BF4B-00C04F79EFBC}") = "Common.Infrastructure", "Common\Common.Infrastructure\Common.Infrastructure.csproj", "{37FDB1A8-5B6C-4988-A5A4-D33421A1BCDB}"
EndProject
Project("{FAE04EC0-301F-11D3-BF4B-00C04F79EFBC}") = "Common.Application", "Common\Common.Application\Common.Application.csproj", "{620B190B-0086-4430-A587-F0154C4B5080}"
EndProject
Project("{FAE04EC0-301F-11D3-BF4B-00C04F79EFBC}") = "Common.Presentation", "Common\Common.Presentation\Common.Presentation.csproj", "{C4D910F8-873F-4FA2-A705-3F85C9A063ED}"
EndProject
Project("{FAE04EC0-301F-11D3-BF4B-00C04F79EFBC}") = "Reservar.Api", "Reservar.Api\Reservar.Api.csproj", "{234AE646-12CA-4EF6-BB4A-78F68AB08940}"
EndProject
Project("{2150E333-8FDC-42A3-9474-1A3956D46DE8}") = "Tests", "Tests", "{0AB3BF05-4346-4AA6-1389-037BE0695223}"
EndProject
Project("{2150E333-8FDC-42A3-9474-1A3956D46DE8}") = "Modules", "Modules", "{79BD94B2-D37A-B054-E27D-3F8197A238B8}"
EndProject
Project("{2150E333-8FDC-42A3-9474-1A3956D46DE8}") = "Authentications", "Authentications", "{FC57EC02-DFFF-5AB3-FFDB-BAABAA83D717}"
EndProject
Project("{FAE04EC0-301F-11D3-BF4B-00C04F79EFBC}") = "Authentications.Domain", "Modules\Authentications\Authentications.Domain\Authentications.Domain.csproj", "{B60F1A15-FD30-4E3D-9682-86060256E8D1}"
EndProject
Project("{FAE04EC0-301F-11D3-BF4B-00C04F79EFBC}") = "Authentications.Infrastructure", "Modules\Authentications\Authentications.Infrastructure\Authentications.Infrastructure.csproj", "{2E530086-9232-4890-8228-67B3BCA153E2}"
EndProject
Project("{FAE04EC0-301F-11D3-BF4B-00C04F79EFBC}") = "Authentications.Application", "Modules\Authentications\Authentications.Application\Authentications.Application.csproj", "{F8F72C10-61BB-4948-9002-CA08F3D1D0A1}"
EndProject
Project("{FAE04EC0-301F-11D3-BF4B-00C04F79EFBC}") = "Authentications.Presentation", "Modules\Authentications\Authentications.Presentation\Authentications.Presentation.csproj", "{2EA1CF63-0C17-4E8A-9174-808218E36204}"
EndProject
Project("{2150E333-8FDC-42A3-9474-1A3956D46DE8}") = "Notifications", "Notifications", "{E4F07A3A-0D15-4D3A-4C13-E2BD6EBFF108}"
EndProject
Project("{FAE04EC0-301F-11D3-BF4B-00C04F79EFBC}") = "Notifications.Domain", "Modules\Notifications\Notifications.Domain\Notifications.Domain.csproj", "{18B9CA8A-BBCE-4A81-91A2-91B737546197}"
EndProject
Project("{FAE04EC0-301F-11D3-BF4B-00C04F79EFBC}") = "Notifications.Infrastructure", "Modules\Notifications\Notifications.Infrastructure\Notifications.Infrastructure.csproj", "{27A508A0-B81F-483B-8C63-CE5E8F176E99}"
EndProject
Project("{FAE04EC0-301F-11D3-BF4B-00C04F79EFBC}") = "Notifications.Application", "Modules\Notifications\Notifications.Application\Notifications.Application.csproj", "{BD814233-CAB7-4BA1-99DF-C69C225AE286}"
EndProject
Project("{FAE04EC0-301F-11D3-BF4B-00C04F79EFBC}") = "Notifications.Presentation", "Modules\Notifications\Notifications.Presentation\Notifications.Presentation.csproj", "{A7F0AED0-998D-4925-BF5E-6B6C326A3DFB}"
EndProject
Project("{2150E333-8FDC-42A3-9474-1A3956D46DE8}") = "src", "src", "{02EA681E-C7D8-13C7-8484-4AC65E1B71E8}"
EndProject
Project("{2150E333-8FDC-42A3-9474-1A3956D46DE8}") = "API", "API", "{C84F3EA0-DA9E-4011-8E0F-6A991B27F215}"
EndProject
Project("{2150E333-8FDC-42A3-9474-1A3956D46DE8}") = "Authentications", "Authentications", "{313386CF-4D2C-4F73-814A-4765227B8F5D}"
EndProject
Project("{2150E333-8FDC-42A3-9474-1A3956D46DE8}") = "Notifications", "Notifications", "{77B7DB37-9070-4A7C-B2F2-79CC19E218CD}"
EndProject
Project("{FAE04EC0-301F-11D3-BF4B-00C04F79EFBC}") = "Authentications.UnitTests", "Tests\Authentications\Authentications.UnitTests\Authentications.UnitTests.csproj", "{6A32DEE3-7B8D-61F2-A898-EE713C6F4A40}"
EndProject
Project("{FAE04EC0-301F-11D3-BF4B-00C04F79EFBC}") = "Authentications.IntegrationTests", "Tests\Authentications\Authentications.IntegrationTests\Authentications.IntegrationTests.csproj", "{451D04C6-04B0-CC8E-235E-5F8D54D85E0F}"
EndProject
Project("{FAE04EC0-301F-11D3-BF4B-00C04F79EFBC}") = "Notifications.UnitTests", "Tests\Notifications\Notifications.UnitTests\Notifications.UnitTests.csproj", "{C90E5259-5C0C-13F1-7CB9-26A89914D628}"
EndProject
Project("{FAE04EC0-301F-11D3-BF4B-00C04F79EFBC}") = "Notifications.IntegrationTests", "Tests\Notifications\Notifications.IntegrationTests\Notifications.IntegrationTests.csproj", "{0F3B2B50-A41B-04F6-D236-176FCE9BEB43}"
EndProject
Project("{2150E333-8FDC-42A3-9474-1A3956D46DE8}") = "Solution Items", "Solution Items", "{97ADEF9E-2D59-4413-B46F-B2209AE0D78E}"
	ProjectSection(SolutionItems) = preProject
		.editorconfig = .editorconfig
		Directory.Build.props = Directory.Build.props
		Directory.Packages.props = Directory.Packages.props
		nuget.config = nuget.config
	EndProjectSection
EndProject
Project("{2150E333-8FDC-42A3-9474-1A3956D46DE8}") = "Booking", "Booking", "{7B2DEEA3-C9BB-4A78-8AD4-231A8831A1C2}"
EndProject
Project("{2150E333-8FDC-42A3-9474-1A3956D46DE8}") = "Reports", "Reports", "{8B149878-0005-456E-A0C1-CD75C07A621F}"
EndProject
Project("{FAE04EC0-301F-11D3-BF4B-00C04F79EFBC}") = "Common.General.Infrastructure", "Common.General.Infrastructure\Common.General.Infrastructure.csproj", "{E2186BC4-1131-4CD3-BBD4-CC03073EB68B}"
EndProject
Project("{2150E333-8FDC-42A3-9474-1A3956D46DE8}") = "Custommers", "Custommers", "{BAB840E0-A461-4F65-805B-497961A08E57}"
EndProject
Project("{FAE04EC0-301F-11D3-BF4B-00C04F79EFBC}") = "Customers.Infrastructure", "Modules\Customers\Customers.Infrastructure\Customers.Infrastructure.csproj", "{F5625697-CF82-4D13-B28E-C282D3C6CAA8}"
EndProject
Project("{FAE04EC0-301F-11D3-BF4B-00C04F79EFBC}") = "Customers.Domain", "Modules\Customers\Custommers.Domain\Customers.Domain.csproj", "{A55EAC62-98D9-1ECB-FE6C-83771E409646}"
EndProject
Project("{FAE04EC0-301F-11D3-BF4B-00C04F79EFBC}") = "Customers.Application", "Modules\Customers\Customer.Applications\Customers.Application.csproj", "{67E59902-F0B2-49BF-9031-264418085DAC}"
EndProject
Project("{FAE04EC0-301F-11D3-BF4B-00C04F79EFBC}") = "Customers.Presentation", "Customers.Presentation\Customers.Presentation.csproj", "{20D59DC4-CB26-4F6C-B1A0-3E178594C5F7}"
EndProject
Project("{2150E333-8FDC-42A3-9474-1A3956D46DE8}") = "Events", "Events", "{EB5C0F78-CBD6-40E5-B08E-6587DF494717}"
EndProject
Project("{FAE04EC0-301F-11D3-BF4B-00C04F79EFBC}") = "IntegrationsEvents", "IntegrationsEvents\IntegrationsEvents.csproj", "{EB85AA65-A66A-49FE-AEFB-468CE59A8FF7}"
EndProject
Global
	GlobalSection(SolutionConfigurationPlatforms) = preSolution
		Debug|Any CPU = Debug|Any CPU
		Debug|x64 = Debug|x64
		Debug|x86 = Debug|x86
		Release|Any CPU = Release|Any CPU
		Release|x64 = Release|x64
		Release|x86 = Release|x86
	EndGlobalSection
	GlobalSection(ProjectConfigurationPlatforms) = postSolution
		{46C89BFB-B805-4DC6-A150-C3FA69178BE8}.Debug|Any CPU.ActiveCfg = Debug|Any CPU
		{46C89BFB-B805-4DC6-A150-C3FA69178BE8}.Debug|Any CPU.Build.0 = Debug|Any CPU
		{46C89BFB-B805-4DC6-A150-C3FA69178BE8}.Debug|x64.ActiveCfg = Debug|Any CPU
		{46C89BFB-B805-4DC6-A150-C3FA69178BE8}.Debug|x64.Build.0 = Debug|Any CPU
		{46C89BFB-B805-4DC6-A150-C3FA69178BE8}.Debug|x86.ActiveCfg = Debug|Any CPU
		{46C89BFB-B805-4DC6-A150-C3FA69178BE8}.Debug|x86.Build.0 = Debug|Any CPU
		{46C89BFB-B805-4DC6-A150-C3FA69178BE8}.Release|Any CPU.ActiveCfg = Release|Any CPU
		{46C89BFB-B805-4DC6-A150-C3FA69178BE8}.Release|Any CPU.Build.0 = Release|Any CPU
		{46C89BFB-B805-4DC6-A150-C3FA69178BE8}.Release|x64.ActiveCfg = Release|Any CPU
		{46C89BFB-B805-4DC6-A150-C3FA69178BE8}.Release|x64.Build.0 = Release|Any CPU
		{46C89BFB-B805-4DC6-A150-C3FA69178BE8}.Release|x86.ActiveCfg = Release|Any CPU
		{46C89BFB-B805-4DC6-A150-C3FA69178BE8}.Release|x86.Build.0 = Release|Any CPU
		{37FDB1A8-5B6C-4988-A5A4-D33421A1BCDB}.Debug|Any CPU.ActiveCfg = Debug|Any CPU
		{37FDB1A8-5B6C-4988-A5A4-D33421A1BCDB}.Debug|Any CPU.Build.0 = Debug|Any CPU
		{37FDB1A8-5B6C-4988-A5A4-D33421A1BCDB}.Debug|x64.ActiveCfg = Debug|Any CPU
		{37FDB1A8-5B6C-4988-A5A4-D33421A1BCDB}.Debug|x64.Build.0 = Debug|Any CPU
		{37FDB1A8-5B6C-4988-A5A4-D33421A1BCDB}.Debug|x86.ActiveCfg = Debug|Any CPU
		{37FDB1A8-5B6C-4988-A5A4-D33421A1BCDB}.Debug|x86.Build.0 = Debug|Any CPU
		{37FDB1A8-5B6C-4988-A5A4-D33421A1BCDB}.Release|Any CPU.ActiveCfg = Release|Any CPU
		{37FDB1A8-5B6C-4988-A5A4-D33421A1BCDB}.Release|Any CPU.Build.0 = Release|Any CPU
		{37FDB1A8-5B6C-4988-A5A4-D33421A1BCDB}.Release|x64.ActiveCfg = Release|Any CPU
		{37FDB1A8-5B6C-4988-A5A4-D33421A1BCDB}.Release|x64.Build.0 = Release|Any CPU
		{37FDB1A8-5B6C-4988-A5A4-D33421A1BCDB}.Release|x86.ActiveCfg = Release|Any CPU
		{37FDB1A8-5B6C-4988-A5A4-D33421A1BCDB}.Release|x86.Build.0 = Release|Any CPU
		{620B190B-0086-4430-A587-F0154C4B5080}.Debug|Any CPU.ActiveCfg = Debug|Any CPU
		{620B190B-0086-4430-A587-F0154C4B5080}.Debug|Any CPU.Build.0 = Debug|Any CPU
		{620B190B-0086-4430-A587-F0154C4B5080}.Debug|x64.ActiveCfg = Debug|Any CPU
		{620B190B-0086-4430-A587-F0154C4B5080}.Debug|x64.Build.0 = Debug|Any CPU
		{620B190B-0086-4430-A587-F0154C4B5080}.Debug|x86.ActiveCfg = Debug|Any CPU
		{620B190B-0086-4430-A587-F0154C4B5080}.Debug|x86.Build.0 = Debug|Any CPU
		{620B190B-0086-4430-A587-F0154C4B5080}.Release|Any CPU.ActiveCfg = Release|Any CPU
		{620B190B-0086-4430-A587-F0154C4B5080}.Release|Any CPU.Build.0 = Release|Any CPU
		{620B190B-0086-4430-A587-F0154C4B5080}.Release|x64.ActiveCfg = Release|Any CPU
		{620B190B-0086-4430-A587-F0154C4B5080}.Release|x64.Build.0 = Release|Any CPU
		{620B190B-0086-4430-A587-F0154C4B5080}.Release|x86.ActiveCfg = Release|Any CPU
		{620B190B-0086-4430-A587-F0154C4B5080}.Release|x86.Build.0 = Release|Any CPU
		{C4D910F8-873F-4FA2-A705-3F85C9A063ED}.Debug|Any CPU.ActiveCfg = Debug|Any CPU
		{C4D910F8-873F-4FA2-A705-3F85C9A063ED}.Debug|Any CPU.Build.0 = Debug|Any CPU
		{C4D910F8-873F-4FA2-A705-3F85C9A063ED}.Debug|x64.ActiveCfg = Debug|Any CPU
		{C4D910F8-873F-4FA2-A705-3F85C9A063ED}.Debug|x64.Build.0 = Debug|Any CPU
		{C4D910F8-873F-4FA2-A705-3F85C9A063ED}.Debug|x86.ActiveCfg = Debug|Any CPU
		{C4D910F8-873F-4FA2-A705-3F85C9A063ED}.Debug|x86.Build.0 = Debug|Any CPU
		{C4D910F8-873F-4FA2-A705-3F85C9A063ED}.Release|Any CPU.ActiveCfg = Release|Any CPU
		{C4D910F8-873F-4FA2-A705-3F85C9A063ED}.Release|Any CPU.Build.0 = Release|Any CPU
		{C4D910F8-873F-4FA2-A705-3F85C9A063ED}.Release|x64.ActiveCfg = Release|Any CPU
		{C4D910F8-873F-4FA2-A705-3F85C9A063ED}.Release|x64.Build.0 = Release|Any CPU
		{C4D910F8-873F-4FA2-A705-3F85C9A063ED}.Release|x86.ActiveCfg = Release|Any CPU
		{C4D910F8-873F-4FA2-A705-3F85C9A063ED}.Release|x86.Build.0 = Release|Any CPU
		{234AE646-12CA-4EF6-BB4A-78F68AB08940}.Debug|Any CPU.ActiveCfg = Debug|Any CPU
		{234AE646-12CA-4EF6-BB4A-78F68AB08940}.Debug|Any CPU.Build.0 = Debug|Any CPU
		{234AE646-12CA-4EF6-BB4A-78F68AB08940}.Debug|x64.ActiveCfg = Debug|Any CPU
		{234AE646-12CA-4EF6-BB4A-78F68AB08940}.Debug|x64.Build.0 = Debug|Any CPU
		{234AE646-12CA-4EF6-BB4A-78F68AB08940}.Debug|x86.ActiveCfg = Debug|Any CPU
		{234AE646-12CA-4EF6-BB4A-78F68AB08940}.Debug|x86.Build.0 = Debug|Any CPU
		{234AE646-12CA-4EF6-BB4A-78F68AB08940}.Release|Any CPU.ActiveCfg = Release|Any CPU
		{234AE646-12CA-4EF6-BB4A-78F68AB08940}.Release|Any CPU.Build.0 = Release|Any CPU
		{234AE646-12CA-4EF6-BB4A-78F68AB08940}.Release|x64.ActiveCfg = Release|Any CPU
		{234AE646-12CA-4EF6-BB4A-78F68AB08940}.Release|x64.Build.0 = Release|Any CPU
		{234AE646-12CA-4EF6-BB4A-78F68AB08940}.Release|x86.ActiveCfg = Release|Any CPU
		{234AE646-12CA-4EF6-BB4A-78F68AB08940}.Release|x86.Build.0 = Release|Any CPU
		{B60F1A15-FD30-4E3D-9682-86060256E8D1}.Debug|Any CPU.ActiveCfg = Debug|Any CPU
		{B60F1A15-FD30-4E3D-9682-86060256E8D1}.Debug|Any CPU.Build.0 = Debug|Any CPU
		{B60F1A15-FD30-4E3D-9682-86060256E8D1}.Debug|x64.ActiveCfg = Debug|Any CPU
		{B60F1A15-FD30-4E3D-9682-86060256E8D1}.Debug|x64.Build.0 = Debug|Any CPU
		{B60F1A15-FD30-4E3D-9682-86060256E8D1}.Debug|x86.ActiveCfg = Debug|Any CPU
		{B60F1A15-FD30-4E3D-9682-86060256E8D1}.Debug|x86.Build.0 = Debug|Any CPU
		{B60F1A15-FD30-4E3D-9682-86060256E8D1}.Release|Any CPU.ActiveCfg = Release|Any CPU
		{B60F1A15-FD30-4E3D-9682-86060256E8D1}.Release|Any CPU.Build.0 = Release|Any CPU
		{B60F1A15-FD30-4E3D-9682-86060256E8D1}.Release|x64.ActiveCfg = Release|Any CPU
		{B60F1A15-FD30-4E3D-9682-86060256E8D1}.Release|x64.Build.0 = Release|Any CPU
		{B60F1A15-FD30-4E3D-9682-86060256E8D1}.Release|x86.ActiveCfg = Release|Any CPU
		{B60F1A15-FD30-4E3D-9682-86060256E8D1}.Release|x86.Build.0 = Release|Any CPU
		{2E530086-9232-4890-8228-67B3BCA153E2}.Debug|Any CPU.ActiveCfg = Debug|Any CPU
		{2E530086-9232-4890-8228-67B3BCA153E2}.Debug|Any CPU.Build.0 = Debug|Any CPU
		{2E530086-9232-4890-8228-67B3BCA153E2}.Debug|x64.ActiveCfg = Debug|Any CPU
		{2E530086-9232-4890-8228-67B3BCA153E2}.Debug|x64.Build.0 = Debug|Any CPU
		{2E530086-9232-4890-8228-67B3BCA153E2}.Debug|x86.ActiveCfg = Debug|Any CPU
		{2E530086-9232-4890-8228-67B3BCA153E2}.Debug|x86.Build.0 = Debug|Any CPU
		{2E530086-9232-4890-8228-67B3BCA153E2}.Release|Any CPU.ActiveCfg = Release|Any CPU
		{2E530086-9232-4890-8228-67B3BCA153E2}.Release|Any CPU.Build.0 = Release|Any CPU
		{2E530086-9232-4890-8228-67B3BCA153E2}.Release|x64.ActiveCfg = Release|Any CPU
		{2E530086-9232-4890-8228-67B3BCA153E2}.Release|x64.Build.0 = Release|Any CPU
		{2E530086-9232-4890-8228-67B3BCA153E2}.Release|x86.ActiveCfg = Release|Any CPU
		{2E530086-9232-4890-8228-67B3BCA153E2}.Release|x86.Build.0 = Release|Any CPU
		{F8F72C10-61BB-4948-9002-CA08F3D1D0A1}.Debug|Any CPU.ActiveCfg = Debug|Any CPU
		{F8F72C10-61BB-4948-9002-CA08F3D1D0A1}.Debug|Any CPU.Build.0 = Debug|Any CPU
		{F8F72C10-61BB-4948-9002-CA08F3D1D0A1}.Debug|x64.ActiveCfg = Debug|Any CPU
		{F8F72C10-61BB-4948-9002-CA08F3D1D0A1}.Debug|x64.Build.0 = Debug|Any CPU
		{F8F72C10-61BB-4948-9002-CA08F3D1D0A1}.Debug|x86.ActiveCfg = Debug|Any CPU
		{F8F72C10-61BB-4948-9002-CA08F3D1D0A1}.Debug|x86.Build.0 = Debug|Any CPU
		{F8F72C10-61BB-4948-9002-CA08F3D1D0A1}.Release|Any CPU.ActiveCfg = Release|Any CPU
		{F8F72C10-61BB-4948-9002-CA08F3D1D0A1}.Release|Any CPU.Build.0 = Release|Any CPU
		{F8F72C10-61BB-4948-9002-CA08F3D1D0A1}.Release|x64.ActiveCfg = Release|Any CPU
		{F8F72C10-61BB-4948-9002-CA08F3D1D0A1}.Release|x64.Build.0 = Release|Any CPU
		{F8F72C10-61BB-4948-9002-CA08F3D1D0A1}.Release|x86.ActiveCfg = Release|Any CPU
		{F8F72C10-61BB-4948-9002-CA08F3D1D0A1}.Release|x86.Build.0 = Release|Any CPU
		{2EA1CF63-0C17-4E8A-9174-808218E36204}.Debug|Any CPU.ActiveCfg = Debug|Any CPU
		{2EA1CF63-0C17-4E8A-9174-808218E36204}.Debug|Any CPU.Build.0 = Debug|Any CPU
		{2EA1CF63-0C17-4E8A-9174-808218E36204}.Debug|x64.ActiveCfg = Debug|Any CPU
		{2EA1CF63-0C17-4E8A-9174-808218E36204}.Debug|x64.Build.0 = Debug|Any CPU
		{2EA1CF63-0C17-4E8A-9174-808218E36204}.Debug|x86.ActiveCfg = Debug|Any CPU
		{2EA1CF63-0C17-4E8A-9174-808218E36204}.Debug|x86.Build.0 = Debug|Any CPU
		{2EA1CF63-0C17-4E8A-9174-808218E36204}.Release|Any CPU.ActiveCfg = Release|Any CPU
		{2EA1CF63-0C17-4E8A-9174-808218E36204}.Release|Any CPU.Build.0 = Release|Any CPU
		{2EA1CF63-0C17-4E8A-9174-808218E36204}.Release|x64.ActiveCfg = Release|Any CPU
		{2EA1CF63-0C17-4E8A-9174-808218E36204}.Release|x64.Build.0 = Release|Any CPU
		{2EA1CF63-0C17-4E8A-9174-808218E36204}.Release|x86.ActiveCfg = Release|Any CPU
		{2EA1CF63-0C17-4E8A-9174-808218E36204}.Release|x86.Build.0 = Release|Any CPU
		{18B9CA8A-BBCE-4A81-91A2-91B737546197}.Debug|Any CPU.ActiveCfg = Debug|Any CPU
		{18B9CA8A-BBCE-4A81-91A2-91B737546197}.Debug|Any CPU.Build.0 = Debug|Any CPU
		{18B9CA8A-BBCE-4A81-91A2-91B737546197}.Debug|x64.ActiveCfg = Debug|Any CPU
		{18B9CA8A-BBCE-4A81-91A2-91B737546197}.Debug|x64.Build.0 = Debug|Any CPU
		{18B9CA8A-BBCE-4A81-91A2-91B737546197}.Debug|x86.ActiveCfg = Debug|Any CPU
		{18B9CA8A-BBCE-4A81-91A2-91B737546197}.Debug|x86.Build.0 = Debug|Any CPU
		{18B9CA8A-BBCE-4A81-91A2-91B737546197}.Release|Any CPU.ActiveCfg = Release|Any CPU
		{18B9CA8A-BBCE-4A81-91A2-91B737546197}.Release|Any CPU.Build.0 = Release|Any CPU
		{18B9CA8A-BBCE-4A81-91A2-91B737546197}.Release|x64.ActiveCfg = Release|Any CPU
		{18B9CA8A-BBCE-4A81-91A2-91B737546197}.Release|x64.Build.0 = Release|Any CPU
		{18B9CA8A-BBCE-4A81-91A2-91B737546197}.Release|x86.ActiveCfg = Release|Any CPU
		{18B9CA8A-BBCE-4A81-91A2-91B737546197}.Release|x86.Build.0 = Release|Any CPU
		{27A508A0-B81F-483B-8C63-CE5E8F176E99}.Debug|Any CPU.ActiveCfg = Debug|Any CPU
		{27A508A0-B81F-483B-8C63-CE5E8F176E99}.Debug|Any CPU.Build.0 = Debug|Any CPU
		{27A508A0-B81F-483B-8C63-CE5E8F176E99}.Debug|x64.ActiveCfg = Debug|Any CPU
		{27A508A0-B81F-483B-8C63-CE5E8F176E99}.Debug|x64.Build.0 = Debug|Any CPU
		{27A508A0-B81F-483B-8C63-CE5E8F176E99}.Debug|x86.ActiveCfg = Debug|Any CPU
		{27A508A0-B81F-483B-8C63-CE5E8F176E99}.Debug|x86.Build.0 = Debug|Any CPU
		{27A508A0-B81F-483B-8C63-CE5E8F176E99}.Release|Any CPU.ActiveCfg = Release|Any CPU
		{27A508A0-B81F-483B-8C63-CE5E8F176E99}.Release|Any CPU.Build.0 = Release|Any CPU
		{27A508A0-B81F-483B-8C63-CE5E8F176E99}.Release|x64.ActiveCfg = Release|Any CPU
		{27A508A0-B81F-483B-8C63-CE5E8F176E99}.Release|x64.Build.0 = Release|Any CPU
		{27A508A0-B81F-483B-8C63-CE5E8F176E99}.Release|x86.ActiveCfg = Release|Any CPU
		{27A508A0-B81F-483B-8C63-CE5E8F176E99}.Release|x86.Build.0 = Release|Any CPU
		{BD814233-CAB7-4BA1-99DF-C69C225AE286}.Debug|Any CPU.ActiveCfg = Debug|Any CPU
		{BD814233-CAB7-4BA1-99DF-C69C225AE286}.Debug|Any CPU.Build.0 = Debug|Any CPU
		{BD814233-CAB7-4BA1-99DF-C69C225AE286}.Debug|x64.ActiveCfg = Debug|Any CPU
		{BD814233-CAB7-4BA1-99DF-C69C225AE286}.Debug|x64.Build.0 = Debug|Any CPU
		{BD814233-CAB7-4BA1-99DF-C69C225AE286}.Debug|x86.ActiveCfg = Debug|Any CPU
		{BD814233-CAB7-4BA1-99DF-C69C225AE286}.Debug|x86.Build.0 = Debug|Any CPU
		{BD814233-CAB7-4BA1-99DF-C69C225AE286}.Release|Any CPU.ActiveCfg = Release|Any CPU
		{BD814233-CAB7-4BA1-99DF-C69C225AE286}.Release|Any CPU.Build.0 = Release|Any CPU
		{BD814233-CAB7-4BA1-99DF-C69C225AE286}.Release|x64.ActiveCfg = Release|Any CPU
		{BD814233-CAB7-4BA1-99DF-C69C225AE286}.Release|x64.Build.0 = Release|Any CPU
		{BD814233-CAB7-4BA1-99DF-C69C225AE286}.Release|x86.ActiveCfg = Release|Any CPU
		{BD814233-CAB7-4BA1-99DF-C69C225AE286}.Release|x86.Build.0 = Release|Any CPU
		{A7F0AED0-998D-4925-BF5E-6B6C326A3DFB}.Debug|Any CPU.ActiveCfg = Debug|Any CPU
		{A7F0AED0-998D-4925-BF5E-6B6C326A3DFB}.Debug|Any CPU.Build.0 = Debug|Any CPU
		{A7F0AED0-998D-4925-BF5E-6B6C326A3DFB}.Debug|x64.ActiveCfg = Debug|Any CPU
		{A7F0AED0-998D-4925-BF5E-6B6C326A3DFB}.Debug|x64.Build.0 = Debug|Any CPU
		{A7F0AED0-998D-4925-BF5E-6B6C326A3DFB}.Debug|x86.ActiveCfg = Debug|Any CPU
		{A7F0AED0-998D-4925-BF5E-6B6C326A3DFB}.Debug|x86.Build.0 = Debug|Any CPU
		{A7F0AED0-998D-4925-BF5E-6B6C326A3DFB}.Release|Any CPU.ActiveCfg = Release|Any CPU
		{A7F0AED0-998D-4925-BF5E-6B6C326A3DFB}.Release|Any CPU.Build.0 = Release|Any CPU
		{A7F0AED0-998D-4925-BF5E-6B6C326A3DFB}.Release|x64.ActiveCfg = Release|Any CPU
		{A7F0AED0-998D-4925-BF5E-6B6C326A3DFB}.Release|x64.Build.0 = Release|Any CPU
		{A7F0AED0-998D-4925-BF5E-6B6C326A3DFB}.Release|x86.ActiveCfg = Release|Any CPU
		{A7F0AED0-998D-4925-BF5E-6B6C326A3DFB}.Release|x86.Build.0 = Release|Any CPU
		{6A32DEE3-7B8D-61F2-A898-EE713C6F4A40}.Debug|Any CPU.ActiveCfg = Debug|Any CPU
		{6A32DEE3-7B8D-61F2-A898-EE713C6F4A40}.Debug|Any CPU.Build.0 = Debug|Any CPU
		{6A32DEE3-7B8D-61F2-A898-EE713C6F4A40}.Debug|x64.ActiveCfg = Debug|Any CPU
		{6A32DEE3-7B8D-61F2-A898-EE713C6F4A40}.Debug|x64.Build.0 = Debug|Any CPU
		{6A32DEE3-7B8D-61F2-A898-EE713C6F4A40}.Debug|x86.ActiveCfg = Debug|Any CPU
		{6A32DEE3-7B8D-61F2-A898-EE713C6F4A40}.Debug|x86.Build.0 = Debug|Any CPU
		{6A32DEE3-7B8D-61F2-A898-EE713C6F4A40}.Release|Any CPU.ActiveCfg = Release|Any CPU
		{6A32DEE3-7B8D-61F2-A898-EE713C6F4A40}.Release|Any CPU.Build.0 = Release|Any CPU
		{6A32DEE3-7B8D-61F2-A898-EE713C6F4A40}.Release|x64.ActiveCfg = Release|Any CPU
		{6A32DEE3-7B8D-61F2-A898-EE713C6F4A40}.Release|x64.Build.0 = Release|Any CPU
		{6A32DEE3-7B8D-61F2-A898-EE713C6F4A40}.Release|x86.ActiveCfg = Release|Any CPU
		{6A32DEE3-7B8D-61F2-A898-EE713C6F4A40}.Release|x86.Build.0 = Release|Any CPU
		{451D04C6-04B0-CC8E-235E-5F8D54D85E0F}.Debug|Any CPU.ActiveCfg = Debug|Any CPU
		{451D04C6-04B0-CC8E-235E-5F8D54D85E0F}.Debug|Any CPU.Build.0 = Debug|Any CPU
		{451D04C6-04B0-CC8E-235E-5F8D54D85E0F}.Debug|x64.ActiveCfg = Debug|Any CPU
		{451D04C6-04B0-CC8E-235E-5F8D54D85E0F}.Debug|x64.Build.0 = Debug|Any CPU
		{451D04C6-04B0-CC8E-235E-5F8D54D85E0F}.Debug|x86.ActiveCfg = Debug|Any CPU
		{451D04C6-04B0-CC8E-235E-5F8D54D85E0F}.Debug|x86.Build.0 = Debug|Any CPU
		{451D04C6-04B0-CC8E-235E-5F8D54D85E0F}.Release|Any CPU.ActiveCfg = Release|Any CPU
		{451D04C6-04B0-CC8E-235E-5F8D54D85E0F}.Release|Any CPU.Build.0 = Release|Any CPU
		{451D04C6-04B0-CC8E-235E-5F8D54D85E0F}.Release|x64.ActiveCfg = Release|Any CPU
		{451D04C6-04B0-CC8E-235E-5F8D54D85E0F}.Release|x64.Build.0 = Release|Any CPU
		{451D04C6-04B0-CC8E-235E-5F8D54D85E0F}.Release|x86.ActiveCfg = Release|Any CPU
		{451D04C6-04B0-CC8E-235E-5F8D54D85E0F}.Release|x86.Build.0 = Release|Any CPU
		{C90E5259-5C0C-13F1-7CB9-26A89914D628}.Debug|Any CPU.ActiveCfg = Debug|Any CPU
		{C90E5259-5C0C-13F1-7CB9-26A89914D628}.Debug|Any CPU.Build.0 = Debug|Any CPU
		{C90E5259-5C0C-13F1-7CB9-26A89914D628}.Debug|x64.ActiveCfg = Debug|Any CPU
		{C90E5259-5C0C-13F1-7CB9-26A89914D628}.Debug|x64.Build.0 = Debug|Any CPU
		{C90E5259-5C0C-13F1-7CB9-26A89914D628}.Debug|x86.ActiveCfg = Debug|Any CPU
		{C90E5259-5C0C-13F1-7CB9-26A89914D628}.Debug|x86.Build.0 = Debug|Any CPU
		{C90E5259-5C0C-13F1-7CB9-26A89914D628}.Release|Any CPU.ActiveCfg = Release|Any CPU
		{C90E5259-5C0C-13F1-7CB9-26A89914D628}.Release|Any CPU.Build.0 = Release|Any CPU
		{C90E5259-5C0C-13F1-7CB9-26A89914D628}.Release|x64.ActiveCfg = Release|Any CPU
		{C90E5259-5C0C-13F1-7CB9-26A89914D628}.Release|x64.Build.0 = Release|Any CPU
		{C90E5259-5C0C-13F1-7CB9-26A89914D628}.Release|x86.ActiveCfg = Release|Any CPU
		{C90E5259-5C0C-13F1-7CB9-26A89914D628}.Release|x86.Build.0 = Release|Any CPU
		{0F3B2B50-A41B-04F6-D236-176FCE9BEB43}.Debug|Any CPU.ActiveCfg = Debug|Any CPU
		{0F3B2B50-A41B-04F6-D236-176FCE9BEB43}.Debug|Any CPU.Build.0 = Debug|Any CPU
		{0F3B2B50-A41B-04F6-D236-176FCE9BEB43}.Debug|x64.ActiveCfg = Debug|Any CPU
		{0F3B2B50-A41B-04F6-D236-176FCE9BEB43}.Debug|x64.Build.0 = Debug|Any CPU
		{0F3B2B50-A41B-04F6-D236-176FCE9BEB43}.Debug|x86.ActiveCfg = Debug|Any CPU
		{0F3B2B50-A41B-04F6-D236-176FCE9BEB43}.Debug|x86.Build.0 = Debug|Any CPU
		{0F3B2B50-A41B-04F6-D236-176FCE9BEB43}.Release|Any CPU.ActiveCfg = Release|Any CPU
		{0F3B2B50-A41B-04F6-D236-176FCE9BEB43}.Release|Any CPU.Build.0 = Release|Any CPU
		{0F3B2B50-A41B-04F6-D236-176FCE9BEB43}.Release|x64.ActiveCfg = Release|Any CPU
		{0F3B2B50-A41B-04F6-D236-176FCE9BEB43}.Release|x64.Build.0 = Release|Any CPU
		{0F3B2B50-A41B-04F6-D236-176FCE9BEB43}.Release|x86.ActiveCfg = Release|Any CPU
		{0F3B2B50-A41B-04F6-D236-176FCE9BEB43}.Release|x86.Build.0 = Release|Any CPU
		{E2186BC4-1131-4CD3-BBD4-CC03073EB68B}.Debug|Any CPU.ActiveCfg = Debug|Any CPU
		{E2186BC4-1131-4CD3-BBD4-CC03073EB68B}.Debug|Any CPU.Build.0 = Debug|Any CPU
		{E2186BC4-1131-4CD3-BBD4-CC03073EB68B}.Debug|x64.ActiveCfg = Debug|Any CPU
		{E2186BC4-1131-4CD3-BBD4-CC03073EB68B}.Debug|x64.Build.0 = Debug|Any CPU
		{E2186BC4-1131-4CD3-BBD4-CC03073EB68B}.Debug|x86.ActiveCfg = Debug|Any CPU
		{E2186BC4-1131-4CD3-BBD4-CC03073EB68B}.Debug|x86.Build.0 = Debug|Any CPU
		{E2186BC4-1131-4CD3-BBD4-CC03073EB68B}.Release|Any CPU.ActiveCfg = Release|Any CPU
		{E2186BC4-1131-4CD3-BBD4-CC03073EB68B}.Release|Any CPU.Build.0 = Release|Any CPU
		{E2186BC4-1131-4CD3-BBD4-CC03073EB68B}.Release|x64.ActiveCfg = Release|Any CPU
		{E2186BC4-1131-4CD3-BBD4-CC03073EB68B}.Release|x64.Build.0 = Release|Any CPU
		{E2186BC4-1131-4CD3-BBD4-CC03073EB68B}.Release|x86.ActiveCfg = Release|Any CPU
		{E2186BC4-1131-4CD3-BBD4-CC03073EB68B}.Release|x86.Build.0 = Release|Any CPU
		{F5625697-CF82-4D13-B28E-C282D3C6CAA8}.Debug|Any CPU.ActiveCfg = Debug|Any CPU
		{F5625697-CF82-4D13-B28E-C282D3C6CAA8}.Debug|Any CPU.Build.0 = Debug|Any CPU
		{F5625697-CF82-4D13-B28E-C282D3C6CAA8}.Debug|x64.ActiveCfg = Debug|Any CPU
		{F5625697-CF82-4D13-B28E-C282D3C6CAA8}.Debug|x64.Build.0 = Debug|Any CPU
		{F5625697-CF82-4D13-B28E-C282D3C6CAA8}.Debug|x86.ActiveCfg = Debug|Any CPU
		{F5625697-CF82-4D13-B28E-C282D3C6CAA8}.Debug|x86.Build.0 = Debug|Any CPU
		{F5625697-CF82-4D13-B28E-C282D3C6CAA8}.Release|Any CPU.ActiveCfg = Release|Any CPU
		{F5625697-CF82-4D13-B28E-C282D3C6CAA8}.Release|Any CPU.Build.0 = Release|Any CPU
		{F5625697-CF82-4D13-B28E-C282D3C6CAA8}.Release|x64.ActiveCfg = Release|Any CPU
		{F5625697-CF82-4D13-B28E-C282D3C6CAA8}.Release|x64.Build.0 = Release|Any CPU
		{F5625697-CF82-4D13-B28E-C282D3C6CAA8}.Release|x86.ActiveCfg = Release|Any CPU
		{F5625697-CF82-4D13-B28E-C282D3C6CAA8}.Release|x86.Build.0 = Release|Any CPU
		{A55EAC62-98D9-1ECB-FE6C-83771E409646}.Debug|Any CPU.ActiveCfg = Debug|Any CPU
		{A55EAC62-98D9-1ECB-FE6C-83771E409646}.Debug|Any CPU.Build.0 = Debug|Any CPU
		{A55EAC62-98D9-1ECB-FE6C-83771E409646}.Debug|x64.ActiveCfg = Debug|Any CPU
		{A55EAC62-98D9-1ECB-FE6C-83771E409646}.Debug|x64.Build.0 = Debug|Any CPU
		{A55EAC62-98D9-1ECB-FE6C-83771E409646}.Debug|x86.ActiveCfg = Debug|Any CPU
		{A55EAC62-98D9-1ECB-FE6C-83771E409646}.Debug|x86.Build.0 = Debug|Any CPU
		{A55EAC62-98D9-1ECB-FE6C-83771E409646}.Release|Any CPU.ActiveCfg = Release|Any CPU
		{A55EAC62-98D9-1ECB-FE6C-83771E409646}.Release|Any CPU.Build.0 = Release|Any CPU
		{A55EAC62-98D9-1ECB-FE6C-83771E409646}.Release|x64.ActiveCfg = Release|Any CPU
		{A55EAC62-98D9-1ECB-FE6C-83771E409646}.Release|x64.Build.0 = Release|Any CPU
		{A55EAC62-98D9-1ECB-FE6C-83771E409646}.Release|x86.ActiveCfg = Release|Any CPU
		{A55EAC62-98D9-1ECB-FE6C-83771E409646}.Release|x86.Build.0 = Release|Any CPU
		{67E59902-F0B2-49BF-9031-264418085DAC}.Debug|Any CPU.ActiveCfg = Debug|Any CPU
		{67E59902-F0B2-49BF-9031-264418085DAC}.Debug|Any CPU.Build.0 = Debug|Any CPU
		{67E59902-F0B2-49BF-9031-264418085DAC}.Debug|x64.ActiveCfg = Debug|Any CPU
		{67E59902-F0B2-49BF-9031-264418085DAC}.Debug|x64.Build.0 = Debug|Any CPU
		{67E59902-F0B2-49BF-9031-264418085DAC}.Debug|x86.ActiveCfg = Debug|Any CPU
		{67E59902-F0B2-49BF-9031-264418085DAC}.Debug|x86.Build.0 = Debug|Any CPU
		{67E59902-F0B2-49BF-9031-264418085DAC}.Release|Any CPU.ActiveCfg = Release|Any CPU
		{67E59902-F0B2-49BF-9031-264418085DAC}.Release|Any CPU.Build.0 = Release|Any CPU
		{67E59902-F0B2-49BF-9031-264418085DAC}.Release|x64.ActiveCfg = Release|Any CPU
		{67E59902-F0B2-49BF-9031-264418085DAC}.Release|x64.Build.0 = Release|Any CPU
		{67E59902-F0B2-49BF-9031-264418085DAC}.Release|x86.ActiveCfg = Release|Any CPU
		{67E59902-F0B2-49BF-9031-264418085DAC}.Release|x86.Build.0 = Release|Any CPU
		{20D59DC4-CB26-4F6C-B1A0-3E178594C5F7}.Debug|Any CPU.ActiveCfg = Debug|Any CPU
		{20D59DC4-CB26-4F6C-B1A0-3E178594C5F7}.Debug|Any CPU.Build.0 = Debug|Any CPU
		{20D59DC4-CB26-4F6C-B1A0-3E178594C5F7}.Debug|x64.ActiveCfg = Debug|Any CPU
		{20D59DC4-CB26-4F6C-B1A0-3E178594C5F7}.Debug|x64.Build.0 = Debug|Any CPU
		{20D59DC4-CB26-4F6C-B1A0-3E178594C5F7}.Debug|x86.ActiveCfg = Debug|Any CPU
		{20D59DC4-CB26-4F6C-B1A0-3E178594C5F7}.Debug|x86.Build.0 = Debug|Any CPU
		{20D59DC4-CB26-4F6C-B1A0-3E178594C5F7}.Release|Any CPU.ActiveCfg = Release|Any CPU
		{20D59DC4-CB26-4F6C-B1A0-3E178594C5F7}.Release|Any CPU.Build.0 = Release|Any CPU
		{20D59DC4-CB26-4F6C-B1A0-3E178594C5F7}.Release|x64.ActiveCfg = Release|Any CPU
		{20D59DC4-CB26-4F6C-B1A0-3E178594C5F7}.Release|x64.Build.0 = Release|Any CPU
		{20D59DC4-CB26-4F6C-B1A0-3E178594C5F7}.Release|x86.ActiveCfg = Release|Any CPU
		{20D59DC4-CB26-4F6C-B1A0-3E178594C5F7}.Release|x86.Build.0 = Release|Any CPU
		{EB85AA65-A66A-49FE-AEFB-468CE59A8FF7}.Debug|Any CPU.ActiveCfg = Debug|Any CPU
		{EB85AA65-A66A-49FE-AEFB-468CE59A8FF7}.Debug|Any CPU.Build.0 = Debug|Any CPU
		{EB85AA65-A66A-49FE-AEFB-468CE59A8FF7}.Debug|x64.ActiveCfg = Debug|Any CPU
		{EB85AA65-A66A-49FE-AEFB-468CE59A8FF7}.Debug|x64.Build.0 = Debug|Any CPU
		{EB85AA65-A66A-49FE-AEFB-468CE59A8FF7}.Debug|x86.ActiveCfg = Debug|Any CPU
		{EB85AA65-A66A-49FE-AEFB-468CE59A8FF7}.Debug|x86.Build.0 = Debug|Any CPU
		{EB85AA65-A66A-49FE-AEFB-468CE59A8FF7}.Release|Any CPU.ActiveCfg = Release|Any CPU
		{EB85AA65-A66A-49FE-AEFB-468CE59A8FF7}.Release|Any CPU.Build.0 = Release|Any CPU
		{EB85AA65-A66A-49FE-AEFB-468CE59A8FF7}.Release|x64.ActiveCfg = Release|Any CPU
		{EB85AA65-A66A-49FE-AEFB-468CE59A8FF7}.Release|x64.Build.0 = Release|Any CPU
		{EB85AA65-A66A-49FE-AEFB-468CE59A8FF7}.Release|x86.ActiveCfg = Release|Any CPU
		{EB85AA65-A66A-49FE-AEFB-468CE59A8FF7}.Release|x86.Build.0 = Release|Any CPU
	EndGlobalSection
	GlobalSection(SolutionProperties) = preSolution
		HideSolutionNode = FALSE
	EndGlobalSection
	GlobalSection(NestedProjects) = preSolution
		{15EDE69F-72C2-0ED5-C978-6B26CB3D9F82} = {02EA681E-C7D8-13C7-8484-4AC65E1B71E8}
		{46C89BFB-B805-4DC6-A150-C3FA69178BE8} = {15EDE69F-72C2-0ED5-C978-6B26CB3D9F82}
		{37FDB1A8-5B6C-4988-A5A4-D33421A1BCDB} = {15EDE69F-72C2-0ED5-C978-6B26CB3D9F82}
		{620B190B-0086-4430-A587-F0154C4B5080} = {15EDE69F-72C2-0ED5-C978-6B26CB3D9F82}
		{C4D910F8-873F-4FA2-A705-3F85C9A063ED} = {15EDE69F-72C2-0ED5-C978-6B26CB3D9F82}
		{234AE646-12CA-4EF6-BB4A-78F68AB08940} = {C84F3EA0-DA9E-4011-8E0F-6A991B27F215}
		{79BD94B2-D37A-B054-E27D-3F8197A238B8} = {02EA681E-C7D8-13C7-8484-4AC65E1B71E8}
		{FC57EC02-DFFF-5AB3-FFDB-BAABAA83D717} = {79BD94B2-D37A-B054-E27D-3F8197A238B8}
		{B60F1A15-FD30-4E3D-9682-86060256E8D1} = {FC57EC02-DFFF-5AB3-FFDB-BAABAA83D717}
		{2E530086-9232-4890-8228-67B3BCA153E2} = {FC57EC02-DFFF-5AB3-FFDB-BAABAA83D717}
		{F8F72C10-61BB-4948-9002-CA08F3D1D0A1} = {FC57EC02-DFFF-5AB3-FFDB-BAABAA83D717}
		{2EA1CF63-0C17-4E8A-9174-808218E36204} = {FC57EC02-DFFF-5AB3-FFDB-BAABAA83D717}
		{E4F07A3A-0D15-4D3A-4C13-E2BD6EBFF108} = {79BD94B2-D37A-B054-E27D-3F8197A238B8}
		{18B9CA8A-BBCE-4A81-91A2-91B737546197} = {E4F07A3A-0D15-4D3A-4C13-E2BD6EBFF108}
		{27A508A0-B81F-483B-8C63-CE5E8F176E99} = {E4F07A3A-0D15-4D3A-4C13-E2BD6EBFF108}
		{BD814233-CAB7-4BA1-99DF-C69C225AE286} = {E4F07A3A-0D15-4D3A-4C13-E2BD6EBFF108}
		{A7F0AED0-998D-4925-BF5E-6B6C326A3DFB} = {E4F07A3A-0D15-4D3A-4C13-E2BD6EBFF108}
		{C84F3EA0-DA9E-4011-8E0F-6A991B27F215} = {02EA681E-C7D8-13C7-8484-4AC65E1B71E8}
		{313386CF-4D2C-4F73-814A-4765227B8F5D} = {0AB3BF05-4346-4AA6-1389-037BE0695223}
		{77B7DB37-9070-4A7C-B2F2-79CC19E218CD} = {0AB3BF05-4346-4AA6-1389-037BE0695223}
		{6A32DEE3-7B8D-61F2-A898-EE713C6F4A40} = {313386CF-4D2C-4F73-814A-4765227B8F5D}
		{451D04C6-04B0-CC8E-235E-5F8D54D85E0F} = {313386CF-4D2C-4F73-814A-4765227B8F5D}
		{C90E5259-5C0C-13F1-7CB9-26A89914D628} = {77B7DB37-9070-4A7C-B2F2-79CC19E218CD}
		{0F3B2B50-A41B-04F6-D236-176FCE9BEB43} = {77B7DB37-9070-4A7C-B2F2-79CC19E218CD}
		{7B2DEEA3-C9BB-4A78-8AD4-231A8831A1C2} = {79BD94B2-D37A-B054-E27D-3F8197A238B8}
		{8B149878-0005-456E-A0C1-CD75C07A621F} = {79BD94B2-D37A-B054-E27D-3F8197A238B8}
		{E2186BC4-1131-4CD3-BBD4-CC03073EB68B} = {15EDE69F-72C2-0ED5-C978-6B26CB3D9F82}
		{BAB840E0-A461-4F65-805B-497961A08E57} = {79BD94B2-D37A-B054-E27D-3F8197A238B8}
		{F5625697-CF82-4D13-B28E-C282D3C6CAA8} = {BAB840E0-A461-4F65-805B-497961A08E57}
		{A55EAC62-98D9-1ECB-FE6C-83771E409646} = {BAB840E0-A461-4F65-805B-497961A08E57}
		{67E59902-F0B2-49BF-9031-264418085DAC} = {BAB840E0-A461-4F65-805B-497961A08E57}
		{20D59DC4-CB26-4F6C-B1A0-3E178594C5F7} = {BAB840E0-A461-4F65-805B-497961A08E57}
		{EB5C0F78-CBD6-40E5-B08E-6587DF494717} = {02EA681E-C7D8-13C7-8484-4AC65E1B71E8}
		{EB85AA65-A66A-49FE-AEFB-468CE59A8FF7} = {EB5C0F78-CBD6-40E5-B08E-6587DF494717}
	EndGlobalSection
	GlobalSection(ExtensibilityGlobals) = postSolution
		SolutionGuid = {1736630B-4307-4008-BB76-D8E271DF1216}
	EndGlobalSection
EndGlobal
